
Microsoft Visual Studio Solution File, Format Version 12.00
# Visual Studio Version 16
VisualStudioVersion = 16.0.29806.167
MinimumVisualStudioVersion = 10.0.40219.1
Project("{FAE04EC0-301F-11D3-BF4B-00C04F79EFBC}") = "Ed25519", "Ed25519\Ed25519.csproj", "{71C959AF-7466-4D73-B0F0-1ECD2CE3FB13}"
EndProject
Project("{FAE04EC0-301F-11D3-BF4B-00C04F79EFBC}") = "ED25519_CryptoProvider", "ED25519_CryptoProvider\ED25519_CryptoProvider.csproj", "{9C577398-BB88-4F7F-B15F-F0AE4D5B982A}"
EndProject
Project("{FAE04EC0-301F-11D3-BF4B-00C04F79EFBC}") = "ED25519_CryptoProvider_Tests", "ED25519_CryptoProvider_Tests\ED25519_CryptoProvider_Tests.csproj", "{F66B67A9-861C-40D3-85F5-EFBED297C9A2}"
EndProject
Global
	GlobalSection(SolutionConfigurationPlatforms) = preSolution
		Debug|Any CPU = Debug|Any CPU
		Release|Any CPU = Release|Any CPU
	EndGlobalSection
	GlobalSection(ProjectConfigurationPlatforms) = postSolution
		{71C959AF-7466-4D73-B0F0-1ECD2CE3FB13}.Debug|Any CPU.ActiveCfg = Debug|Any CPU
		{71C959AF-7466-4D73-B0F0-1ECD2CE3FB13}.Debug|Any CPU.Build.0 = Debug|Any CPU
		{71C959AF-7466-4D73-B0F0-1ECD2CE3FB13}.Release|Any CPU.ActiveCfg = Release|Any CPU
		{71C959AF-7466-4D73-B0F0-1ECD2CE3FB13}.Release|Any CPU.Build.0 = Release|Any CPU
		{9C577398-BB88-4F7F-B15F-F0AE4D5B982A}.Debug|Any CPU.ActiveCfg = Debug|Any CPU
		{9C577398-BB88-4F7F-B15F-F0AE4D5B982A}.Debug|Any CPU.Build.0 = Debug|Any CPU
		{9C577398-BB88-4F7F-B15F-F0AE4D5B982A}.Release|Any CPU.ActiveCfg = Release|Any CPU
		{9C577398-BB88-4F7F-B15F-F0AE4D5B982A}.Release|Any CPU.Build.0 = Release|Any CPU
		{F66B67A9-861C-40D3-85F5-EFBED297C9A2}.Debug|Any CPU.ActiveCfg = Debug|Any CPU
		{F66B67A9-861C-40D3-85F5-EFBED297C9A2}.Debug|Any CPU.Build.0 = Debug|Any CPU
		{F66B67A9-861C-40D3-85F5-EFBED297C9A2}.Release|Any CPU.ActiveCfg = Release|Any CPU
		{F66B67A9-861C-40D3-85F5-EFBED297C9A2}.Release|Any CPU.Build.0 = Release|Any CPU
	EndGlobalSection
	GlobalSection(SolutionProperties) = preSolution
		HideSolutionNode = FALSE
	EndGlobalSection
	GlobalSection(ExtensibilityGlobals) = postSolution
		SolutionGuid = {33E401E3-41CD-4B4E-965A-A59DE2F9B3C7}
	EndGlobalSection
EndGlobal
